{
  "name": "express-middleware",
  "version": "1.9.3",
  "dependencies": {
    "@chauffeur-prive/i18n": {
      "version": "1.7.1",
      "from": "@chauffeur-prive/i18n@1.7.1",
      "resolved": "http://registry.npmjs.org/@chauffeur-prive/i18n/-/i18n-1.7.1.tgz",
      "dependencies": {
        "lodash": {
          "version": "4.14.2",
          "from": "lodash@>=4.14.2 <4.15.0",
          "resolved": "http://registry.npmjs.org/lodash/-/lodash-4.14.2.tgz"
        }
      }
    },
    "accept-language-parser": {
      "version": "1.4.1",
      "from": "accept-language-parser@>=1.3.0 <2.0.0",
      "resolved": "http://registry.npmjs.org/accept-language-parser/-/accept-language-parser-1.4.1.tgz"
    },
    "balanced-match": {
      "version": "1.0.0",
      "from": "balanced-match@>=1.0.0 <2.0.0",
      "resolved": "http://registry.npmjs.org/balanced-match/-/balanced-match-1.0.0.tgz"
    },
    "basic-auth": {
      "version": "1.0.4",
      "from": "basic-auth@>=1.0.3 <1.1.0",
      "resolved": "http://registry.npmjs.org/basic-auth/-/basic-auth-1.0.4.tgz"
    },
    "brace-expansion": {
      "version": "1.1.8",
      "from": "brace-expansion@>=1.1.7 <2.0.0",
      "resolved": "http://registry.npmjs.org/brace-expansion/-/brace-expansion-1.1.8.tgz"
    },
    "bunyan": {
      "version": "1.8.12",
      "from": "bunyan@>=1.8.1 <1.9.0",
      "resolved": "http://registry.npmjs.org/bunyan/-/bunyan-1.8.12.tgz"
    },
    "co": {
      "version": "4.6.0",
      "from": "co@>=4.6.0 <5.0.0",
      "resolved": "http://registry.npmjs.org/co/-/co-4.6.0.tgz"
    },
    "co-express": {
      "version": "1.2.2",
      "from": "co-express@>=1.2.2 <2.0.0",
      "resolved": "http://registry.npmjs.org/co-express/-/co-express-1.2.2.tgz"
    },
    "concat-map": {
      "version": "0.0.1",
      "from": "concat-map@0.0.1",
      "resolved": "http://registry.npmjs.org/concat-map/-/concat-map-0.0.1.tgz"
    },
    "country-language": {
      "version": "0.1.7",
      "from": "country-language@>=0.1.7 <0.2.0",
      "resolved": "http://registry.npmjs.org/country-language/-/country-language-0.1.7.tgz"
    },
    "debug": {
      "version": "2.2.0",
      "from": "debug@>=2.2.0 <2.3.0",
      "resolved": "http://registry.npmjs.org/debug/-/debug-2.2.0.tgz"
    },
    "depd": {
      "version": "1.1.1",
      "from": "depd@>=1.1.0 <1.2.0",
      "resolved": "http://registry.npmjs.org/depd/-/depd-1.1.1.tgz"
    },
    "double-ended-queue": {
      "version": "2.1.0-0",
      "from": "double-ended-queue@>=2.1.0-0 <3.0.0",
      "resolved": "http://registry.npmjs.org/double-ended-queue/-/double-ended-queue-2.1.0-0.tgz"
    },
    "dtrace-provider": {
      "version": "0.8.5",
      "from": "dtrace-provider@>=0.8.0 <0.9.0",
      "resolved": "http://registry.npmjs.org/dtrace-provider/-/dtrace-provider-0.8.5.tgz",
      "optional": true
    },
    "ee-first": {
      "version": "1.1.1",
      "from": "ee-first@1.1.1",
      "resolved": "http://registry.npmjs.org/ee-first/-/ee-first-1.1.1.tgz"
    },
    "glob": {
      "version": "6.0.4",
      "from": "glob@>=6.0.1 <7.0.0",
      "resolved": "http://registry.npmjs.org/glob/-/glob-6.0.4.tgz"
    },
    "http-errors": {
      "version": "1.5.1",
      "from": "http-errors@1.5.1",
      "resolved": "http://registry.npmjs.org/http-errors/-/http-errors-1.5.1.tgz"
    },
    "humanize-duration": {
      "version": "3.9.1",
      "from": "humanize-duration@>=3.9.1 <3.10.0",
      "resolved": "http://registry.npmjs.org/humanize-duration/-/humanize-duration-3.9.1.tgz"
    },
    "i18next": {
      "version": "3.4.3",
      "from": "i18next@3.4.3",
      "resolved": "http://registry.npmjs.org/i18next/-/i18next-3.4.3.tgz"
    },
    "inflight": {
      "version": "1.0.6",
      "from": "inflight@>=1.0.4 <2.0.0",
      "resolved": "http://registry.npmjs.org/inflight/-/inflight-1.0.6.tgz"
    },
    "inherits": {
      "version": "2.0.3",
      "from": "inherits@>=2.0.0 <3.0.0",
      "resolved": "http://registry.npmjs.org/inherits/-/inherits-2.0.3.tgz"
    },
    "intl": {
      "version": "1.2.5",
      "from": "intl@>=1.2.4 <1.3.0",
      "resolved": "http://registry.npmjs.org/intl/-/intl-1.2.5.tgz"
    },
    "ipaddr.js": {
      "version": "1.2.0",
      "from": "ipaddr.js@1.2.0",
      "resolved": "http://registry.npmjs.org/ipaddr.js/-/ipaddr.js-1.2.0.tgz"
    },
    "jwt-simple": {
      "version": "0.5.1",
      "from": "jwt-simple@0.5.1",
      "resolved": "https://registry.npmjs.org/jwt-simple/-/jwt-simple-0.5.1.tgz"
    },
    "lodash": {
      "version": "4.11.2",
      "from": "lodash@>=4.11.1 <4.12.0",
      "resolved": "http://registry.npmjs.org/lodash/-/lodash-4.11.2.tgz"
    },
    "lru-cache": {
      "version": "4.0.2",
      "from": "lru-cache@>=4.0.1 <4.1.0",
      "resolved": "http://registry.npmjs.org/lru-cache/-/lru-cache-4.0.2.tgz"
    },
    "minimatch": {
      "version": "3.0.4",
      "from": "minimatch@>=2.0.0 <3.0.0||>=3.0.0 <4.0.0",
      "resolved": "http://registry.npmjs.org/minimatch/-/minimatch-3.0.4.tgz"
    },
    "minimist": {
      "version": "0.0.8",
      "from": "minimist@0.0.8",
      "resolved": "http://registry.npmjs.org/minimist/-/minimist-0.0.8.tgz"
    },
    "mkdirp": {
      "version": "0.5.1",
      "from": "mkdirp@>=0.5.1 <0.6.0",
      "resolved": "http://registry.npmjs.org/mkdirp/-/mkdirp-0.5.1.tgz"
    },
    "moment": {
      "version": "2.18.1",
      "from": "moment@>=2.9.0",
      "resolved": "http://registry.npmjs.org/moment/-/moment-2.18.1.tgz"
    },
    "moment-timezone": {
      "version": "0.5.13",
      "from": "moment-timezone@>=0.5.5 <0.6.0",
      "resolved": "http://registry.npmjs.org/moment-timezone/-/moment-timezone-0.5.13.tgz"
    },
    "morgan": {
      "version": "1.7.0",
      "from": "morgan@>=1.7.0 <1.8.0",
      "resolved": "http://registry.npmjs.org/morgan/-/morgan-1.7.0.tgz"
    },
    "ms": {
      "version": "0.7.1",
      "from": "ms@0.7.1",
      "resolved": "http://registry.npmjs.org/ms/-/ms-0.7.1.tgz"
    },
    "mv": {
      "version": "2.1.1",
      "from": "mv@>=2.0.0 <3.0.0",
      "resolved": "http://registry.npmjs.org/mv/-/mv-2.1.1.tgz",
      "optional": true
    },
    "nan": {
      "version": "2.7.0",
      "from": "nan@>=2.3.3 <3.0.0",
      "resolved": "http://registry.npmjs.org/nan/-/nan-2.7.0.tgz",
      "optional": true
    },
    "ncp": {
      "version": "2.0.0",
      "from": "ncp@>=2.0.0 <2.1.0",
      "resolved": "http://registry.npmjs.org/ncp/-/ncp-2.0.0.tgz",
      "optional": true
    },
    "node-uuid": {
      "version": "1.4.8",
      "from": "node-uuid@>=1.4.7 <1.5.0",
      "resolved": "http://registry.npmjs.org/node-uuid/-/node-uuid-1.4.8.tgz"
    },
    "on-finished": {
      "version": "2.3.0",
      "from": "on-finished@>=2.3.0 <2.4.0",
      "resolved": "http://registry.npmjs.org/on-finished/-/on-finished-2.3.0.tgz"
    },
    "on-headers": {
      "version": "1.0.1",
      "from": "on-headers@>=1.0.1 <1.1.0",
      "resolved": "http://registry.npmjs.org/on-headers/-/on-headers-1.0.1.tgz"
    },
    "once": {
      "version": "1.4.0",
      "from": "once@>=1.3.0 <2.0.0",
      "resolved": "http://registry.npmjs.org/once/-/once-1.4.0.tgz"
    },
    "path-is-absolute": {
      "version": "1.0.1",
      "from": "path-is-absolute@>=1.0.0 <2.0.0",
      "resolved": "http://registry.npmjs.org/path-is-absolute/-/path-is-absolute-1.0.1.tgz"
    },
    "pseudomap": {
      "version": "1.0.2",
      "from": "pseudomap@>=1.0.1 <2.0.0",
      "resolved": "http://registry.npmjs.org/pseudomap/-/pseudomap-1.0.2.tgz"
    },
    "redis": {
      "version": "2.6.5",
      "from": "redis@>=2.6.2 <2.7.0",
      "resolved": "http://registry.npmjs.org/redis/-/redis-2.6.5.tgz"
    },
    "redis-commands": {
      "version": "1.3.1",
      "from": "redis-commands@>=1.2.0 <2.0.0",
      "resolved": "http://registry.npmjs.org/redis-commands/-/redis-commands-1.3.1.tgz"
    },
    "redis-parser": {
      "version": "2.6.0",
      "from": "redis-parser@>=2.0.0 <3.0.0",
      "resolved": "http://registry.npmjs.org/redis-parser/-/redis-parser-2.6.0.tgz"
    },
    "rimraf": {
      "version": "2.4.5",
      "from": "rimraf@>=2.4.0 <2.5.0",
      "resolved": "http://registry.npmjs.org/rimraf/-/rimraf-2.4.5.tgz"
    },
    "safe-json-stringify": {
      "version": "1.0.4",
      "from": "safe-json-stringify@>=1.0.0 <2.0.0",
      "resolved": "http://registry.npmjs.org/safe-json-stringify/-/safe-json-stringify-1.0.4.tgz",
      "optional": true
    },
    "setprototypeof": {
      "version": "1.0.2",
      "from": "setprototypeof@1.0.2",
      "resolved": "http://registry.npmjs.org/setprototypeof/-/setprototypeof-1.0.2.tgz"
    },
    "statuses": {
      "version": "1.3.1",
      "from": "statuses@>=1.3.1 <2.0.0",
      "resolved": "http://registry.npmjs.org/statuses/-/statuses-1.3.1.tgz"
    },
    "tv4": {
      "version": "1.2.7",
      "from": "tv4@>=1.2.7 <1.3.0",
      "resolved": "http://registry.npmjs.org/tv4/-/tv4-1.2.7.tgz"
    },
    "underscore": {
      "version": "1.7.0",
      "from": "underscore@>=1.7.0 <1.8.0",
      "resolved": "http://registry.npmjs.org/underscore/-/underscore-1.7.0.tgz"
    },
    "underscore.deep": {
      "version": "0.5.1",
      "from": "underscore.deep@>=0.5.1 <0.6.0",
      "resolved": "http://registry.npmjs.org/underscore.deep/-/underscore.deep-0.5.1.tgz"
    },
    "wrappy": {
      "version": "1.0.2",
      "from": "wrappy@>=1.0.0 <2.0.0",
      "resolved": "http://registry.npmjs.org/wrappy/-/wrappy-1.0.2.tgz"
    },
    "yallist": {
      "version": "2.1.2",
      "from": "yallist@>=2.0.0 <3.0.0",
      "resolved": "http://registry.npmjs.org/yallist/-/yallist-2.1.2.tgz"
    }
  }
}
